
Microsoft Visual Studio Solution File, Format Version 12.00
# Visual Studio Version 16
VisualStudioVersion = 16.0.29905.134
MinimumVisualStudioVersion = 10.0.40219.1
Project("{FAE04EC0-301F-11D3-BF4B-00C04F79EFBC}") = "SGBAplication", "SGBAplication\SGBAplication.csproj", "{A521D50F-A62C-43F1-A23A-CE98437BDE1C}"
EndProject
Project("{FAE04EC0-301F-11D3-BF4B-00C04F79EFBC}") = "Controllers", "Controllers\Controllers.csproj", "{52306596-BDEB-40CD-85C0-D43A0C09FB6E}"
EndProject
Project("{FAE04EC0-301F-11D3-BF4B-00C04F79EFBC}") = "DataAccess", "DataAccess2\DataAccess.csproj", "{DB92FB5E-7477-43E5-AAF6-A04EF1CB3366}"
EndProject
Project("{FAE04EC0-301F-11D3-BF4B-00C04F79EFBC}") = "Drawing", "Drowing\Drawing.csproj", "{061120C2-890A-403D-A84A-E5CAF2DB8295}"
EndProject
Project("{FAE04EC0-301F-11D3-BF4B-00C04F79EFBC}") = "MathAndProcessing", "MathAndProcessing\MathAndProcessing.csproj", "{2F5B6EF7-F093-4730-9618-F424449E90C4}"
EndProject
Project("{FAE04EC0-301F-11D3-BF4B-00C04F79EFBC}") = "ImitattionAndStatistic2", "ImitattionAndStatistic2\ImitattionAndStatistic2.csproj", "{FE149F55-7365-476A-9AEA-143F88804EF5}"
EndProject
Global
	GlobalSection(SolutionConfigurationPlatforms) = preSolution
		Debug|Any CPU = Debug|Any CPU
		Release|Any CPU = Release|Any CPU
	EndGlobalSection
	GlobalSection(ProjectConfigurationPlatforms) = postSolution
		{A521D50F-A62C-43F1-A23A-CE98437BDE1C}.Debug|Any CPU.ActiveCfg = Debug|Any CPU
		{A521D50F-A62C-43F1-A23A-CE98437BDE1C}.Debug|Any CPU.Build.0 = Debug|Any CPU
		{A521D50F-A62C-43F1-A23A-CE98437BDE1C}.Release|Any CPU.ActiveCfg = Release|Any CPU
		{A521D50F-A62C-43F1-A23A-CE98437BDE1C}.Release|Any CPU.Build.0 = Release|Any CPU
		{52306596-BDEB-40CD-85C0-D43A0C09FB6E}.Debug|Any CPU.ActiveCfg = Debug|Any CPU
		{52306596-BDEB-40CD-85C0-D43A0C09FB6E}.Debug|Any CPU.Build.0 = Debug|Any CPU
		{52306596-BDEB-40CD-85C0-D43A0C09FB6E}.Release|Any CPU.ActiveCfg = Release|Any CPU
		{52306596-BDEB-40CD-85C0-D43A0C09FB6E}.Release|Any CPU.Build.0 = Release|Any CPU
		{DB92FB5E-7477-43E5-AAF6-A04EF1CB3366}.Debug|Any CPU.ActiveCfg = Debug|Any CPU
		{DB92FB5E-7477-43E5-AAF6-A04EF1CB3366}.Debug|Any CPU.Build.0 = Debug|Any CPU
		{DB92FB5E-7477-43E5-AAF6-A04EF1CB3366}.Release|Any CPU.ActiveCfg = Release|Any CPU
		{DB92FB5E-7477-43E5-AAF6-A04EF1CB3366}.Release|Any CPU.Build.0 = Release|Any CPU
		{061120C2-890A-403D-A84A-E5CAF2DB8295}.Debug|Any CPU.ActiveCfg = Debug|Any CPU
		{061120C2-890A-403D-A84A-E5CAF2DB8295}.Debug|Any CPU.Build.0 = Debug|Any CPU
		{061120C2-890A-403D-A84A-E5CAF2DB8295}.Release|Any CPU.ActiveCfg = Release|Any CPU
		{061120C2-890A-403D-A84A-E5CAF2DB8295}.Release|Any CPU.Build.0 = Release|Any CPU
		{2F5B6EF7-F093-4730-9618-F424449E90C4}.Debug|Any CPU.ActiveCfg = Debug|Any CPU
		{2F5B6EF7-F093-4730-9618-F424449E90C4}.Debug|Any CPU.Build.0 = Debug|Any CPU
		{2F5B6EF7-F093-4730-9618-F424449E90C4}.Release|Any CPU.ActiveCfg = Release|Any CPU
		{2F5B6EF7-F093-4730-9618-F424449E90C4}.Release|Any CPU.Build.0 = Release|Any CPU
		{FE149F55-7365-476A-9AEA-143F88804EF5}.Debug|Any CPU.ActiveCfg = Debug|Any CPU
		{FE149F55-7365-476A-9AEA-143F88804EF5}.Debug|Any CPU.Build.0 = Debug|Any CPU
		{FE149F55-7365-476A-9AEA-143F88804EF5}.Release|Any CPU.ActiveCfg = Release|Any CPU
		{FE149F55-7365-476A-9AEA-143F88804EF5}.Release|Any CPU.Build.0 = Release|Any CPU
	EndGlobalSection
	GlobalSection(SolutionProperties) = preSolution
		HideSolutionNode = FALSE
	EndGlobalSection
	GlobalSection(ExtensibilityGlobals) = postSolution
		SolutionGuid = {760BDA21-E8B1-47E9-8BDF-34027C749A3A}
	EndGlobalSection
EndGlobal
